
Microsoft Visual Studio Solution File, Format Version 12.00
# Visual Studio Version 16
VisualStudioVersion = 16.0.29409.12
MinimumVisualStudioVersion = 10.0.40219.1
Project("{9A19103F-16F7-4668-BE54-9A1E7A4F7556}") = "Nekara", "Nekara\Nekara.csproj", "{512148E5-4667-4BB0-900A-5E438651143F}"
EndProject
Project("{9A19103F-16F7-4668-BE54-9A1E7A4F7556}") = "NekaraClient", "NekaraClient\NekaraClient.csproj", "{BC72E62B-B8DC-489B-97EE-572F239DDBEC}"
EndProject
Project("{9A19103F-16F7-4668-BE54-9A1E7A4F7556}") = "NekaraModels", "NekaraModels\NekaraModels.csproj", "{B5954663-10C7-47AD-BD4E-6CEA3645AB02}"
EndProject
Project("{9A19103F-16F7-4668-BE54-9A1E7A4F7556}") = "NekaraTests", "NekaraTests\NekaraTests.csproj", "{F105AA9E-3073-44D6-9B5B-7B8A8AA4311F}"
EndProject
Project("{9A19103F-16F7-4668-BE54-9A1E7A4F7556}") = "NekaraOrleans", "NekaraOrleans\NekaraOrleans.csproj", "{0C4F371C-2C98-4FBB-8A9B-750068DAB45C}"
EndProject
Global
	GlobalSection(SolutionConfigurationPlatforms) = preSolution
		Debug|Any CPU = Debug|Any CPU
		NekaraCompiler|Any CPU = NekaraCompiler|Any CPU
		Release|Any CPU = Release|Any CPU
	EndGlobalSection
	GlobalSection(ProjectConfigurationPlatforms) = postSolution
		{512148E5-4667-4BB0-900A-5E438651143F}.Debug|Any CPU.ActiveCfg = Debug|Any CPU
		{512148E5-4667-4BB0-900A-5E438651143F}.Debug|Any CPU.Build.0 = Debug|Any CPU
		{512148E5-4667-4BB0-900A-5E438651143F}.NekaraCompiler|Any CPU.ActiveCfg = Release|Any CPU
		{512148E5-4667-4BB0-900A-5E438651143F}.NekaraCompiler|Any CPU.Build.0 = Release|Any CPU
		{512148E5-4667-4BB0-900A-5E438651143F}.Release|Any CPU.ActiveCfg = Release|Any CPU
		{512148E5-4667-4BB0-900A-5E438651143F}.Release|Any CPU.Build.0 = Release|Any CPU
		{BC72E62B-B8DC-489B-97EE-572F239DDBEC}.Debug|Any CPU.ActiveCfg = Debug|Any CPU
		{BC72E62B-B8DC-489B-97EE-572F239DDBEC}.Debug|Any CPU.Build.0 = Debug|Any CPU
		{BC72E62B-B8DC-489B-97EE-572F239DDBEC}.NekaraCompiler|Any CPU.ActiveCfg = NekaraCompiler|Any CPU
		{BC72E62B-B8DC-489B-97EE-572F239DDBEC}.NekaraCompiler|Any CPU.Build.0 = NekaraCompiler|Any CPU
		{BC72E62B-B8DC-489B-97EE-572F239DDBEC}.Release|Any CPU.ActiveCfg = Release|Any CPU
		{BC72E62B-B8DC-489B-97EE-572F239DDBEC}.Release|Any CPU.Build.0 = Release|Any CPU
		{B5954663-10C7-47AD-BD4E-6CEA3645AB02}.Debug|Any CPU.ActiveCfg = Debug|Any CPU
		{B5954663-10C7-47AD-BD4E-6CEA3645AB02}.Debug|Any CPU.Build.0 = Debug|Any CPU
		{B5954663-10C7-47AD-BD4E-6CEA3645AB02}.NekaraCompiler|Any CPU.ActiveCfg = NekaraCompiler|Any CPU
		{B5954663-10C7-47AD-BD4E-6CEA3645AB02}.NekaraCompiler|Any CPU.Build.0 = NekaraCompiler|Any CPU
		{B5954663-10C7-47AD-BD4E-6CEA3645AB02}.Release|Any CPU.ActiveCfg = Release|Any CPU
		{B5954663-10C7-47AD-BD4E-6CEA3645AB02}.Release|Any CPU.Build.0 = Release|Any CPU
		{F105AA9E-3073-44D6-9B5B-7B8A8AA4311F}.Debug|Any CPU.ActiveCfg = Debug|Any CPU
		{F105AA9E-3073-44D6-9B5B-7B8A8AA4311F}.Debug|Any CPU.Build.0 = Debug|Any CPU
		{F105AA9E-3073-44D6-9B5B-7B8A8AA4311F}.NekaraCompiler|Any CPU.ActiveCfg = NekaraCompiler|Any CPU
		{F105AA9E-3073-44D6-9B5B-7B8A8AA4311F}.NekaraCompiler|Any CPU.Build.0 = NekaraCompiler|Any CPU
		{F105AA9E-3073-44D6-9B5B-7B8A8AA4311F}.Release|Any CPU.ActiveCfg = Release|Any CPU
		{F105AA9E-3073-44D6-9B5B-7B8A8AA4311F}.Release|Any CPU.Build.0 = Release|Any CPU
		{0C4F371C-2C98-4FBB-8A9B-750068DAB45C}.Debug|Any CPU.ActiveCfg = Debug|Any CPU
		{0C4F371C-2C98-4FBB-8A9B-750068DAB45C}.Debug|Any CPU.Build.0 = Debug|Any CPU
		{0C4F371C-2C98-4FBB-8A9B-750068DAB45C}.NekaraCompiler|Any CPU.ActiveCfg = NekaraCompiler|Any CPU
		{0C4F371C-2C98-4FBB-8A9B-750068DAB45C}.NekaraCompiler|Any CPU.Build.0 = NekaraCompiler|Any CPU
		{0C4F371C-2C98-4FBB-8A9B-750068DAB45C}.Release|Any CPU.ActiveCfg = Release|Any CPU
		{0C4F371C-2C98-4FBB-8A9B-750068DAB45C}.Release|Any CPU.Build.0 = Release|Any CPU
	EndGlobalSection
	GlobalSection(SolutionProperties) = preSolution
		HideSolutionNode = FALSE
	EndGlobalSection
	GlobalSection(ExtensibilityGlobals) = postSolution
		SolutionGuid = {996AFDEE-72E8-46B6-8BEA-2B14A723BD97}
	EndGlobalSection
EndGlobal
