
Microsoft Visual Studio Solution File, Format Version 12.00
# Visual Studio Version 16
VisualStudioVersion = 16.0.29409.12
MinimumVisualStudioVersion = 10.0.40219.1
Project("{9A19103F-16F7-4668-BE54-9A1E7A4F7556}") = "NekaraRpcServer", "Nekara\NekaraRpcServer.csproj", "{512148E5-4667-4BB0-900A-5E438651143F}"
EndProject
Project("{9A19103F-16F7-4668-BE54-9A1E7A4F7556}") = "NekaraRpcManagedClient", "NekaraClient\NekaraRpcManagedClient.csproj", "{BC72E62B-B8DC-489B-97EE-572F239DDBEC}"
EndProject
Project("{9A19103F-16F7-4668-BE54-9A1E7A4F7556}") = "NekaraModels", "NekaraModels\NekaraModels.csproj", "{B5954663-10C7-47AD-BD4E-6CEA3645AB02}"
EndProject
Project("{9A19103F-16F7-4668-BE54-9A1E7A4F7556}") = "NekaraTests", "NekaraTests\NekaraTests.csproj", "{F105AA9E-3073-44D6-9B5B-7B8A8AA4311F}"
EndProject
Project("{8BC9CEB8-8B4A-11D0-8D11-00A0C91BC942}") = "NekaraCore", "NekaraCore\NekaraCore.vcxproj", "{34D6E210-12A2-43F7-A9A1-59FD0C5DEFF6}"
EndProject
Project("{FAE04EC0-301F-11D3-BF4B-00C04F79EFBC}") = "NekaraManagedClient", "NekaraManagedClient\NekaraManagedClient.csproj", "{F1582261-D372-47CB-B9B6-0CBE5DA17077}"
EndProject
Global
	GlobalSection(SolutionConfigurationPlatforms) = preSolution
		Debug|Any CPU = Debug|Any CPU
		Debug|x64 = Debug|x64
		Debug|x86 = Debug|x86
		NekaraCompiler|Any CPU = NekaraCompiler|Any CPU
		NekaraCompiler|x64 = NekaraCompiler|x64
		NekaraCompiler|x86 = NekaraCompiler|x86
		Release|Any CPU = Release|Any CPU
		Release|x64 = Release|x64
		Release|x86 = Release|x86
	EndGlobalSection
	GlobalSection(ProjectConfigurationPlatforms) = postSolution
		{512148E5-4667-4BB0-900A-5E438651143F}.Debug|Any CPU.ActiveCfg = Debug|Any CPU
		{512148E5-4667-4BB0-900A-5E438651143F}.Debug|Any CPU.Build.0 = Debug|Any CPU
		{512148E5-4667-4BB0-900A-5E438651143F}.Debug|x64.ActiveCfg = Debug|Any CPU
		{512148E5-4667-4BB0-900A-5E438651143F}.Debug|x64.Build.0 = Debug|Any CPU
		{512148E5-4667-4BB0-900A-5E438651143F}.Debug|x86.ActiveCfg = Debug|Any CPU
		{512148E5-4667-4BB0-900A-5E438651143F}.Debug|x86.Build.0 = Debug|Any CPU
		{512148E5-4667-4BB0-900A-5E438651143F}.NekaraCompiler|Any CPU.ActiveCfg = Release|Any CPU
		{512148E5-4667-4BB0-900A-5E438651143F}.NekaraCompiler|Any CPU.Build.0 = Release|Any CPU
		{512148E5-4667-4BB0-900A-5E438651143F}.NekaraCompiler|x64.ActiveCfg = Release|Any CPU
		{512148E5-4667-4BB0-900A-5E438651143F}.NekaraCompiler|x64.Build.0 = Release|Any CPU
		{512148E5-4667-4BB0-900A-5E438651143F}.NekaraCompiler|x86.ActiveCfg = Release|Any CPU
		{512148E5-4667-4BB0-900A-5E438651143F}.NekaraCompiler|x86.Build.0 = Release|Any CPU
		{512148E5-4667-4BB0-900A-5E438651143F}.Release|Any CPU.ActiveCfg = Release|Any CPU
		{512148E5-4667-4BB0-900A-5E438651143F}.Release|Any CPU.Build.0 = Release|Any CPU
		{512148E5-4667-4BB0-900A-5E438651143F}.Release|x64.ActiveCfg = Release|Any CPU
		{512148E5-4667-4BB0-900A-5E438651143F}.Release|x64.Build.0 = Release|Any CPU
		{512148E5-4667-4BB0-900A-5E438651143F}.Release|x86.ActiveCfg = Release|Any CPU
		{512148E5-4667-4BB0-900A-5E438651143F}.Release|x86.Build.0 = Release|Any CPU
		{BC72E62B-B8DC-489B-97EE-572F239DDBEC}.Debug|Any CPU.ActiveCfg = Debug|Any CPU
		{BC72E62B-B8DC-489B-97EE-572F239DDBEC}.Debug|Any CPU.Build.0 = Debug|Any CPU
		{BC72E62B-B8DC-489B-97EE-572F239DDBEC}.Debug|x64.ActiveCfg = Debug|Any CPU
		{BC72E62B-B8DC-489B-97EE-572F239DDBEC}.Debug|x64.Build.0 = Debug|Any CPU
		{BC72E62B-B8DC-489B-97EE-572F239DDBEC}.Debug|x86.ActiveCfg = Debug|Any CPU
		{BC72E62B-B8DC-489B-97EE-572F239DDBEC}.Debug|x86.Build.0 = Debug|Any CPU
		{BC72E62B-B8DC-489B-97EE-572F239DDBEC}.NekaraCompiler|Any CPU.ActiveCfg = NekaraCompiler|Any CPU
		{BC72E62B-B8DC-489B-97EE-572F239DDBEC}.NekaraCompiler|Any CPU.Build.0 = NekaraCompiler|Any CPU
		{BC72E62B-B8DC-489B-97EE-572F239DDBEC}.NekaraCompiler|x64.ActiveCfg = NekaraCompiler|Any CPU
		{BC72E62B-B8DC-489B-97EE-572F239DDBEC}.NekaraCompiler|x64.Build.0 = NekaraCompiler|Any CPU
		{BC72E62B-B8DC-489B-97EE-572F239DDBEC}.NekaraCompiler|x86.ActiveCfg = NekaraCompiler|Any CPU
		{BC72E62B-B8DC-489B-97EE-572F239DDBEC}.NekaraCompiler|x86.Build.0 = NekaraCompiler|Any CPU
		{BC72E62B-B8DC-489B-97EE-572F239DDBEC}.Release|Any CPU.ActiveCfg = Release|Any CPU
		{BC72E62B-B8DC-489B-97EE-572F239DDBEC}.Release|Any CPU.Build.0 = Release|Any CPU
		{BC72E62B-B8DC-489B-97EE-572F239DDBEC}.Release|x64.ActiveCfg = Release|Any CPU
		{BC72E62B-B8DC-489B-97EE-572F239DDBEC}.Release|x64.Build.0 = Release|Any CPU
		{BC72E62B-B8DC-489B-97EE-572F239DDBEC}.Release|x86.ActiveCfg = Release|Any CPU
		{BC72E62B-B8DC-489B-97EE-572F239DDBEC}.Release|x86.Build.0 = Release|Any CPU
		{B5954663-10C7-47AD-BD4E-6CEA3645AB02}.Debug|Any CPU.ActiveCfg = Debug|Any CPU
		{B5954663-10C7-47AD-BD4E-6CEA3645AB02}.Debug|Any CPU.Build.0 = Debug|Any CPU
		{B5954663-10C7-47AD-BD4E-6CEA3645AB02}.Debug|x64.ActiveCfg = Debug|Any CPU
		{B5954663-10C7-47AD-BD4E-6CEA3645AB02}.Debug|x64.Build.0 = Debug|Any CPU
		{B5954663-10C7-47AD-BD4E-6CEA3645AB02}.Debug|x86.ActiveCfg = Debug|Any CPU
		{B5954663-10C7-47AD-BD4E-6CEA3645AB02}.Debug|x86.Build.0 = Debug|Any CPU
		{B5954663-10C7-47AD-BD4E-6CEA3645AB02}.NekaraCompiler|Any CPU.ActiveCfg = NekaraCompiler|Any CPU
		{B5954663-10C7-47AD-BD4E-6CEA3645AB02}.NekaraCompiler|Any CPU.Build.0 = NekaraCompiler|Any CPU
		{B5954663-10C7-47AD-BD4E-6CEA3645AB02}.NekaraCompiler|x64.ActiveCfg = NekaraCompiler|Any CPU
		{B5954663-10C7-47AD-BD4E-6CEA3645AB02}.NekaraCompiler|x64.Build.0 = NekaraCompiler|Any CPU
		{B5954663-10C7-47AD-BD4E-6CEA3645AB02}.NekaraCompiler|x86.ActiveCfg = NekaraCompiler|Any CPU
		{B5954663-10C7-47AD-BD4E-6CEA3645AB02}.NekaraCompiler|x86.Build.0 = NekaraCompiler|Any CPU
		{B5954663-10C7-47AD-BD4E-6CEA3645AB02}.Release|Any CPU.ActiveCfg = Release|Any CPU
		{B5954663-10C7-47AD-BD4E-6CEA3645AB02}.Release|Any CPU.Build.0 = Release|Any CPU
		{B5954663-10C7-47AD-BD4E-6CEA3645AB02}.Release|x64.ActiveCfg = Release|Any CPU
		{B5954663-10C7-47AD-BD4E-6CEA3645AB02}.Release|x64.Build.0 = Release|Any CPU
		{B5954663-10C7-47AD-BD4E-6CEA3645AB02}.Release|x86.ActiveCfg = Release|Any CPU
		{B5954663-10C7-47AD-BD4E-6CEA3645AB02}.Release|x86.Build.0 = Release|Any CPU
		{F105AA9E-3073-44D6-9B5B-7B8A8AA4311F}.Debug|Any CPU.ActiveCfg = Debug|Any CPU
		{F105AA9E-3073-44D6-9B5B-7B8A8AA4311F}.Debug|Any CPU.Build.0 = Debug|Any CPU
		{F105AA9E-3073-44D6-9B5B-7B8A8AA4311F}.Debug|x64.ActiveCfg = Debug|Any CPU
		{F105AA9E-3073-44D6-9B5B-7B8A8AA4311F}.Debug|x64.Build.0 = Debug|Any CPU
		{F105AA9E-3073-44D6-9B5B-7B8A8AA4311F}.Debug|x86.ActiveCfg = Debug|Any CPU
		{F105AA9E-3073-44D6-9B5B-7B8A8AA4311F}.Debug|x86.Build.0 = Debug|Any CPU
		{F105AA9E-3073-44D6-9B5B-7B8A8AA4311F}.NekaraCompiler|Any CPU.ActiveCfg = NekaraCompiler|Any CPU
		{F105AA9E-3073-44D6-9B5B-7B8A8AA4311F}.NekaraCompiler|Any CPU.Build.0 = NekaraCompiler|Any CPU
		{F105AA9E-3073-44D6-9B5B-7B8A8AA4311F}.NekaraCompiler|x64.ActiveCfg = NekaraCompiler|Any CPU
		{F105AA9E-3073-44D6-9B5B-7B8A8AA4311F}.NekaraCompiler|x64.Build.0 = NekaraCompiler|Any CPU
		{F105AA9E-3073-44D6-9B5B-7B8A8AA4311F}.NekaraCompiler|x86.ActiveCfg = NekaraCompiler|Any CPU
		{F105AA9E-3073-44D6-9B5B-7B8A8AA4311F}.NekaraCompiler|x86.Build.0 = NekaraCompiler|Any CPU
		{F105AA9E-3073-44D6-9B5B-7B8A8AA4311F}.Release|Any CPU.ActiveCfg = Release|Any CPU
		{F105AA9E-3073-44D6-9B5B-7B8A8AA4311F}.Release|Any CPU.Build.0 = Release|Any CPU
		{F105AA9E-3073-44D6-9B5B-7B8A8AA4311F}.Release|x64.ActiveCfg = Release|Any CPU
		{F105AA9E-3073-44D6-9B5B-7B8A8AA4311F}.Release|x64.Build.0 = Release|Any CPU
		{F105AA9E-3073-44D6-9B5B-7B8A8AA4311F}.Release|x86.ActiveCfg = Release|Any CPU
		{F105AA9E-3073-44D6-9B5B-7B8A8AA4311F}.Release|x86.Build.0 = Release|Any CPU
		{34D6E210-12A2-43F7-A9A1-59FD0C5DEFF6}.Debug|Any CPU.ActiveCfg = Debug|x64
		{34D6E210-12A2-43F7-A9A1-59FD0C5DEFF6}.Debug|Any CPU.Build.0 = Debug|x64
		{34D6E210-12A2-43F7-A9A1-59FD0C5DEFF6}.Debug|x64.ActiveCfg = Debug|x64
		{34D6E210-12A2-43F7-A9A1-59FD0C5DEFF6}.Debug|x64.Build.0 = Debug|x64
		{34D6E210-12A2-43F7-A9A1-59FD0C5DEFF6}.Debug|x86.ActiveCfg = Debug|Win32
		{34D6E210-12A2-43F7-A9A1-59FD0C5DEFF6}.Debug|x86.Build.0 = Debug|Win32
		{34D6E210-12A2-43F7-A9A1-59FD0C5DEFF6}.NekaraCompiler|Any CPU.ActiveCfg = Release|x64
		{34D6E210-12A2-43F7-A9A1-59FD0C5DEFF6}.NekaraCompiler|Any CPU.Build.0 = Release|x64
		{34D6E210-12A2-43F7-A9A1-59FD0C5DEFF6}.NekaraCompiler|x64.ActiveCfg = Release|x64
		{34D6E210-12A2-43F7-A9A1-59FD0C5DEFF6}.NekaraCompiler|x64.Build.0 = Release|x64
		{34D6E210-12A2-43F7-A9A1-59FD0C5DEFF6}.NekaraCompiler|x86.ActiveCfg = Release|Win32
		{34D6E210-12A2-43F7-A9A1-59FD0C5DEFF6}.NekaraCompiler|x86.Build.0 = Release|Win32
		{34D6E210-12A2-43F7-A9A1-59FD0C5DEFF6}.Release|Any CPU.ActiveCfg = Release|Win32
		{34D6E210-12A2-43F7-A9A1-59FD0C5DEFF6}.Release|x64.ActiveCfg = Release|x64
		{34D6E210-12A2-43F7-A9A1-59FD0C5DEFF6}.Release|x64.Build.0 = Release|x64
		{34D6E210-12A2-43F7-A9A1-59FD0C5DEFF6}.Release|x86.ActiveCfg = Release|Win32
		{34D6E210-12A2-43F7-A9A1-59FD0C5DEFF6}.Release|x86.Build.0 = Release|Win32
		{F1582261-D372-47CB-B9B6-0CBE5DA17077}.Debug|Any CPU.ActiveCfg = Debug|Any CPU
		{F1582261-D372-47CB-B9B6-0CBE5DA17077}.Debug|Any CPU.Build.0 = Debug|Any CPU
		{F1582261-D372-47CB-B9B6-0CBE5DA17077}.Debug|x64.ActiveCfg = Debug|Any CPU
		{F1582261-D372-47CB-B9B6-0CBE5DA17077}.Debug|x64.Build.0 = Debug|Any CPU
		{F1582261-D372-47CB-B9B6-0CBE5DA17077}.Debug|x86.ActiveCfg = Debug|Any CPU
		{F1582261-D372-47CB-B9B6-0CBE5DA17077}.Debug|x86.Build.0 = Debug|Any CPU
		{F1582261-D372-47CB-B9B6-0CBE5DA17077}.NekaraCompiler|Any CPU.ActiveCfg = Debug|Any CPU
		{F1582261-D372-47CB-B9B6-0CBE5DA17077}.NekaraCompiler|Any CPU.Build.0 = Debug|Any CPU
		{F1582261-D372-47CB-B9B6-0CBE5DA17077}.NekaraCompiler|x64.ActiveCfg = Debug|Any CPU
		{F1582261-D372-47CB-B9B6-0CBE5DA17077}.NekaraCompiler|x64.Build.0 = Debug|Any CPU
		{F1582261-D372-47CB-B9B6-0CBE5DA17077}.NekaraCompiler|x86.ActiveCfg = Debug|Any CPU
		{F1582261-D372-47CB-B9B6-0CBE5DA17077}.NekaraCompiler|x86.Build.0 = Debug|Any CPU
		{F1582261-D372-47CB-B9B6-0CBE5DA17077}.Release|Any CPU.ActiveCfg = Release|Any CPU
		{F1582261-D372-47CB-B9B6-0CBE5DA17077}.Release|Any CPU.Build.0 = Release|Any CPU
		{F1582261-D372-47CB-B9B6-0CBE5DA17077}.Release|x64.ActiveCfg = Release|Any CPU
		{F1582261-D372-47CB-B9B6-0CBE5DA17077}.Release|x64.Build.0 = Release|Any CPU
		{F1582261-D372-47CB-B9B6-0CBE5DA17077}.Release|x86.ActiveCfg = Release|Any CPU
		{F1582261-D372-47CB-B9B6-0CBE5DA17077}.Release|x86.Build.0 = Release|Any CPU
	EndGlobalSection
	GlobalSection(SolutionProperties) = preSolution
		HideSolutionNode = FALSE
	EndGlobalSection
	GlobalSection(ExtensibilityGlobals) = postSolution
		SolutionGuid = {996AFDEE-72E8-46B6-8BEA-2B14A723BD97}
	EndGlobalSection
EndGlobal
