
Microsoft Visual Studio Solution File, Format Version 12.00
# Visual Studio Version 16
VisualStudioVersion = 16.0.29102.190
MinimumVisualStudioVersion = 10.0.40219.1
Project("{FAE04EC0-301F-11D3-BF4B-00C04F79EFBC}") = "TestingService", "TestingService.csproj", "{7DDE1115-E788-412D-BF55-5A01C65ABD68}"
EndProject
Project("{FAE04EC0-301F-11D3-BF4B-00C04F79EFBC}") = "ProgramUnderTest", "..\ProgramUnderTest\ProgramUnderTest.csproj", "{F373BD53-7DE3-401F-B1BD-5A91F0217E41}"
EndProject
Global
	GlobalSection(SolutionConfigurationPlatforms) = preSolution
		Debug|Any CPU = Debug|Any CPU
		Release|Any CPU = Release|Any CPU
	EndGlobalSection
	GlobalSection(ProjectConfigurationPlatforms) = postSolution
		{7DDE1115-E788-412D-BF55-5A01C65ABD68}.Debug|Any CPU.ActiveCfg = Debug|Any CPU
		{7DDE1115-E788-412D-BF55-5A01C65ABD68}.Debug|Any CPU.Build.0 = Debug|Any CPU
		{7DDE1115-E788-412D-BF55-5A01C65ABD68}.Release|Any CPU.ActiveCfg = Release|Any CPU
		{7DDE1115-E788-412D-BF55-5A01C65ABD68}.Release|Any CPU.Build.0 = Release|Any CPU
		{F373BD53-7DE3-401F-B1BD-5A91F0217E41}.Debug|Any CPU.ActiveCfg = Debug|Any CPU
		{F373BD53-7DE3-401F-B1BD-5A91F0217E41}.Debug|Any CPU.Build.0 = Debug|Any CPU
		{F373BD53-7DE3-401F-B1BD-5A91F0217E41}.Release|Any CPU.ActiveCfg = Release|Any CPU
		{F373BD53-7DE3-401F-B1BD-5A91F0217E41}.Release|Any CPU.Build.0 = Release|Any CPU
	EndGlobalSection
	GlobalSection(SolutionProperties) = preSolution
		HideSolutionNode = FALSE
	EndGlobalSection
	GlobalSection(ExtensibilityGlobals) = postSolution
		SolutionGuid = {AF41DE9F-E537-4B48-8047-E2D582CE690C}
	EndGlobalSection
EndGlobal
